
Microsoft Visual Studio Solution File, Format Version 12.00
# Visual Studio Version 16
VisualStudioVersion = 16.0.31105.61
MinimumVisualStudioVersion = 10.0.40219.1
Project("{FAE04EC0-301F-11D3-BF4B-00C04F79EFBC}") = "Excel", "Excel\Excel.csproj", "{0BF1DC09-42FC-4D4A-A40A-7BF2140CAB4D}"
EndProject
Global
	GlobalSection(SolutionConfigurationPlatforms) = preSolution
		Debug|Any CPU = Debug|Any CPU
		Release|Any CPU = Release|Any CPU
	EndGlobalSection
	GlobalSection(ProjectConfigurationPlatforms) = postSolution
		{0BF1DC09-42FC-4D4A-A40A-7BF2140CAB4D}.Debug|Any CPU.ActiveCfg = Debug|Any CPU
		{0BF1DC09-42FC-4D4A-A40A-7BF2140CAB4D}.Debug|Any CPU.Build.0 = Debug|Any CPU
		{0BF1DC09-42FC-4D4A-A40A-7BF2140CAB4D}.Release|Any CPU.ActiveCfg = Release|Any CPU
		{0BF1DC09-42FC-4D4A-A40A-7BF2140CAB4D}.Release|Any CPU.Build.0 = Release|Any CPU
	EndGlobalSection
	GlobalSection(SolutionProperties) = preSolution
		HideSolutionNode = FALSE
	EndGlobalSection
	GlobalSection(ExtensibilityGlobals) = postSolution
		SolutionGuid = {F8BCBB92-8A8B-4192-A4C7-EE6421CD87E7}
	EndGlobalSection
EndGlobal
